
Microsoft Visual Studio Solution File, Format Version 12.00
# Visual Studio Version 17
VisualStudioVersion = 17.10.34928.147
MinimumVisualStudioVersion = 10.0.40219.1
Project("{9A19103F-16F7-4668-BE54-9A1E7A4F7556}") = "ECommerceWeb.WebApi", "ECommerceWeb.WebApi\ECommerceWeb.WebApi.csproj", "{8047562D-A11D-4270-B7E9-24182121A0B9}"
EndProject
Project("{9A19103F-16F7-4668-BE54-9A1E7A4F7556}") = "ECommerceWeb.Entities", "ECommerceWeb.Entities\ECommerceWeb.Entities.csproj", "{F982FDAE-76BC-47BC-8FA4-47A62C01FC8A}"
EndProject
Project("{9A19103F-16F7-4668-BE54-9A1E7A4F7556}") = "ECommerceWeb.DataAccess", "ECommerceWeb.DataAccess\ECommerceWeb.DataAccess.csproj", "{9529CF4E-B497-47B9-A9D0-F9CDA58C3291}"
EndProject
Project("{9A19103F-16F7-4668-BE54-9A1E7A4F7556}") = "ECommerceWeb.Repositories", "ECommerceWeb.Repositories\ECommerceWeb.Repositories.csproj", "{65F77152-79E4-4405-ACA4-104CF8A1A4F4}"
EndProject
Project("{9A19103F-16F7-4668-BE54-9A1E7A4F7556}") = "ECommerceWeb.Dto", "ECommerceWeb.Dto\ECommerceWeb.Dto.csproj", "{90B3641E-C3E1-4960-B051-DA9A9D3838CF}"
EndProject
Project("{2150E333-8FDC-42A3-9474-1A3956D46DE8}") = "00. Frontend", "00. Frontend", "{C8FD9DDC-3172-4F48-A5C3-1DCE0334A565}"
EndProject
Project("{2150E333-8FDC-42A3-9474-1A3956D46DE8}") = "01. Backend", "01. Backend", "{B4B17D6B-A2F3-40A6-B29E-78354E0CF5C9}"
EndProject
Project("{2150E333-8FDC-42A3-9474-1A3956D46DE8}") = "02. Shared", "02. Shared", "{A28B3B77-6DB3-4A15-B2F8-17BEC8963DDB}"
EndProject
Project("{2150E333-8FDC-42A3-9474-1A3956D46DE8}") = "00. Entitys", "00. Entitys", "{627F4D5E-5A02-4E43-8A17-F7CC7F88D99A}"
EndProject
Project("{2150E333-8FDC-42A3-9474-1A3956D46DE8}") = "01. Data Access", "01. Data Access", "{EB2EF029-2D87-4AA4-9A29-CD3272EBDBE8}"
EndProject
Project("{2150E333-8FDC-42A3-9474-1A3956D46DE8}") = "02. API REST", "02. API REST", "{F9311D3F-D77C-4DDA-9CA6-03FBC168BFED}"
EndProject
Project("{9A19103F-16F7-4668-BE54-9A1E7A4F7556}") = "ECommerceWeb.Client", "ECommerceWeb.Client\ECommerceWeb.Client.csproj", "{0BB789DF-A56D-45B0-96B1-98F71E0BD4BB}"
EndProject
Global
	GlobalSection(SolutionConfigurationPlatforms) = preSolution
		Debug|Any CPU = Debug|Any CPU
		Release|Any CPU = Release|Any CPU
	EndGlobalSection
	GlobalSection(ProjectConfigurationPlatforms) = postSolution
		{8047562D-A11D-4270-B7E9-24182121A0B9}.Debug|Any CPU.ActiveCfg = Debug|Any CPU
		{8047562D-A11D-4270-B7E9-24182121A0B9}.Debug|Any CPU.Build.0 = Debug|Any CPU
		{8047562D-A11D-4270-B7E9-24182121A0B9}.Release|Any CPU.ActiveCfg = Release|Any CPU
		{8047562D-A11D-4270-B7E9-24182121A0B9}.Release|Any CPU.Build.0 = Release|Any CPU
		{F982FDAE-76BC-47BC-8FA4-47A62C01FC8A}.Debug|Any CPU.ActiveCfg = Debug|Any CPU
		{F982FDAE-76BC-47BC-8FA4-47A62C01FC8A}.Debug|Any CPU.Build.0 = Debug|Any CPU
		{F982FDAE-76BC-47BC-8FA4-47A62C01FC8A}.Release|Any CPU.ActiveCfg = Release|Any CPU
		{F982FDAE-76BC-47BC-8FA4-47A62C01FC8A}.Release|Any CPU.Build.0 = Release|Any CPU
		{9529CF4E-B497-47B9-A9D0-F9CDA58C3291}.Debug|Any CPU.ActiveCfg = Debug|Any CPU
		{9529CF4E-B497-47B9-A9D0-F9CDA58C3291}.Debug|Any CPU.Build.0 = Debug|Any CPU
		{9529CF4E-B497-47B9-A9D0-F9CDA58C3291}.Release|Any CPU.ActiveCfg = Release|Any CPU
		{9529CF4E-B497-47B9-A9D0-F9CDA58C3291}.Release|Any CPU.Build.0 = Release|Any CPU
		{65F77152-79E4-4405-ACA4-104CF8A1A4F4}.Debug|Any CPU.ActiveCfg = Debug|Any CPU
		{65F77152-79E4-4405-ACA4-104CF8A1A4F4}.Debug|Any CPU.Build.0 = Debug|Any CPU
		{65F77152-79E4-4405-ACA4-104CF8A1A4F4}.Release|Any CPU.ActiveCfg = Release|Any CPU
		{65F77152-79E4-4405-ACA4-104CF8A1A4F4}.Release|Any CPU.Build.0 = Release|Any CPU
		{90B3641E-C3E1-4960-B051-DA9A9D3838CF}.Debug|Any CPU.ActiveCfg = Debug|Any CPU
		{90B3641E-C3E1-4960-B051-DA9A9D3838CF}.Debug|Any CPU.Build.0 = Debug|Any CPU
		{90B3641E-C3E1-4960-B051-DA9A9D3838CF}.Release|Any CPU.ActiveCfg = Release|Any CPU
		{90B3641E-C3E1-4960-B051-DA9A9D3838CF}.Release|Any CPU.Build.0 = Release|Any CPU
		{0BB789DF-A56D-45B0-96B1-98F71E0BD4BB}.Debug|Any CPU.ActiveCfg = Debug|Any CPU
		{0BB789DF-A56D-45B0-96B1-98F71E0BD4BB}.Debug|Any CPU.Build.0 = Debug|Any CPU
		{0BB789DF-A56D-45B0-96B1-98F71E0BD4BB}.Release|Any CPU.ActiveCfg = Release|Any CPU
		{0BB789DF-A56D-45B0-96B1-98F71E0BD4BB}.Release|Any CPU.Build.0 = Release|Any CPU
	EndGlobalSection
	GlobalSection(SolutionProperties) = preSolution
		HideSolutionNode = FALSE
	EndGlobalSection
	GlobalSection(NestedProjects) = preSolution
		{8047562D-A11D-4270-B7E9-24182121A0B9} = {F9311D3F-D77C-4DDA-9CA6-03FBC168BFED}
		{F982FDAE-76BC-47BC-8FA4-47A62C01FC8A} = {627F4D5E-5A02-4E43-8A17-F7CC7F88D99A}
		{9529CF4E-B497-47B9-A9D0-F9CDA58C3291} = {EB2EF029-2D87-4AA4-9A29-CD3272EBDBE8}
		{65F77152-79E4-4405-ACA4-104CF8A1A4F4} = {EB2EF029-2D87-4AA4-9A29-CD3272EBDBE8}
		{90B3641E-C3E1-4960-B051-DA9A9D3838CF} = {A28B3B77-6DB3-4A15-B2F8-17BEC8963DDB}
		{627F4D5E-5A02-4E43-8A17-F7CC7F88D99A} = {B4B17D6B-A2F3-40A6-B29E-78354E0CF5C9}
		{EB2EF029-2D87-4AA4-9A29-CD3272EBDBE8} = {B4B17D6B-A2F3-40A6-B29E-78354E0CF5C9}
		{F9311D3F-D77C-4DDA-9CA6-03FBC168BFED} = {B4B17D6B-A2F3-40A6-B29E-78354E0CF5C9}
		{0BB789DF-A56D-45B0-96B1-98F71E0BD4BB} = {C8FD9DDC-3172-4F48-A5C3-1DCE0334A565}
	EndGlobalSection
	GlobalSection(ExtensibilityGlobals) = postSolution
		SolutionGuid = {D28B3704-472E-4FFD-947B-1EB07EE2AB35}
	EndGlobalSection
EndGlobal
